{
    "clue/stream-filter": {
        "version": "v1.5.0"
    },
    "guzzlehttp/guzzle": {
        "version": "6.5.5"
    },
    "guzzlehttp/promises": {
        "version": "1.5.0"
    },
    "guzzlehttp/psr7": {
        "version": "1.8.3"
    },
    "hwi/oauth-bundle": {
        "version": "0.6",
        "recipe": {
            "repo": "github.com/symfony/recipes-contrib",
            "branch": "master",
            "version": "0.6",
            "ref": "18ce21f16066cccfa0803c9e846a2e4f4bec92ab"
        }
    },
    "php-http/client-common": {
        "version": "2.4.0"
    },
    "php-http/discovery": {
        "version": "1.14.1"
    },
    "php-http/guzzle6-adapter": {
        "version": "v2.0.2"
    },
    "php-http/httplug": {
        "version": "2.2.0"
    },
    "php-http/httplug-bundle": {
        "version": "1.6",
        "recipe": {
            "repo": "github.com/symfony/recipes-contrib",
            "branch": "master",
            "version": "1.6",
            "ref": "87b3d491d593d2c6e3b90bf0689ac69a188bfa5f"
        }
    },
    "php-http/logger-plugin": {
        "version": "1.2.2"
    },
    "php-http/message": {
        "version": "1.12.0"
    },
    "php-http/message-factory": {
        "version": "v1.0.2"
    },
    "php-http/promise": {
        "version": "1.1.0"
    },
    "php-http/stopwatch-plugin": {
        "version": "1.4.0"
    },
    "psr/http-client": {
        "version": "1.0.1"
    },
    "psr/http-factory": {
        "version": "1.0.1"
    },
    "psr/http-message": {
        "version": "1.0.1"
    },
    "ralouphie/getallheaders": {
        "version": "3.0.3"
    },
    "symfony/lock": {
        "version": "5.2",
        "recipe": {
            "repo": "github.com/symfony/recipes",
            "branch": "master",
            "version": "5.2",
            "ref": "a1c8800e40ae735206bb14586fdd6c4630a51b8d"
        },
        "files": [
            "./config/packages/lock.yaml"
        ]
    },
    "symfony/rate-limiter": {
        "version": "v5.3.4"
    },
    "symfony/templating": {
        "version": "v5.3.7"
    },
    "symfonycasts/reset-password-bundle": {
        "version": "1.0",
        "recipe": {
            "repo": "github.com/symfony/recipes",
            "branch": "master",
            "version": "1.0",
            "ref": "97c1627c0384534997ae1047b93be517ca16de43"
        },
        "files": [
            "./config/packages/reset_password.yaml"
        ]
    }
}
